{
  "name": "set-template",
  "version": "1.0.0",
  "lockfileVersion": 2,
  "requires": true,
  "packages": {
    "": {
      "name": "set-template",
      "version": "1.0.0",
      "devDependencies": {
        "@figma/plugin-typings": "^1.49.0"
      }
    },
    "node_modules/@figma/plugin-typings": {
      "version": "1.49.0",
      "resolved": "https://registry.npmjs.org/@figma/plugin-typings/-/plugin-typings-1.49.0.tgz",
      "integrity": "sha512-72tKC61RPkrBZ+uzj+TtL3bVAmxahZKv/TfElbrY9sBoZvr4/+4gw7hnJYiln5xBJHiJ4KTcjUy+6D1qUuWlTA==",
      "dev": true
    }
  },
  "dependencies": {
    "@figma/plugin-typings": {
      "version": "1.49.0",
      "resolved": "https://registry.npmjs.org/@figma/plugin-typings/-/plugin-typings-1.49.0.tgz",
      "integrity": "sha512-72tKC61RPkrBZ+uzj+TtL3bVAmxahZKv/TfElbrY9sBoZvr4/+4gw7hnJYiln5xBJHiJ4KTcjUy+6D1qUuWlTA==",
      "dev": true
    }
  }
}
